
Microsoft Visual Studio Solution File, Format Version 12.00
# Visual Studio Version 17
VisualStudioVersion = 17.5.33530.505
MinimumVisualStudioVersion = 10.0.40219.1
Project("{9A19103F-16F7-4668-BE54-9A1E7A4F7556}") = "Notifications", "Notifications\Notifications.csproj", "{ACCA378D-7947-4A09-8B8D-11B6E76AD769}"
EndProject
Project("{9A19103F-16F7-4668-BE54-9A1E7A4F7556}") = "Notifications.Application", "Notifications.Application\Notifications.Application.csproj", "{FCD4E8A9-9B5B-47B8-88EE-18E22C4B0AA6}"
EndProject
Project("{9A19103F-16F7-4668-BE54-9A1E7A4F7556}") = "Notifications.Domain", "Notifications.Domain\Notifications.Domain.csproj", "{4D3C357B-82D9-46B2-AD70-3DC1D361DC41}"
EndProject
Project("{9A19103F-16F7-4668-BE54-9A1E7A4F7556}") = "Notifications.Infraestructure", "Notifications.Infraestructure\Notifications.Infraestructure.csproj", "{935DF785-6AD4-4006-9BFA-33174F8BF3B3}"
EndProject
Project("{2150E333-8FDC-42A3-9474-1A3956D46DE8}") = "Dragonfly", "Dragonfly", "{2268EA9F-1E8F-42DF-A03A-B019D0B68D75}"
EndProject
Project("{9A19103F-16F7-4668-BE54-9A1E7A4F7556}") = "Dragonfly.Core", "..\Dragonfly\Dragonfly.Core\Dragonfly.Core.csproj", "{AB931C4C-C5A5-4F3B-B738-181B0DAB0075}"
EndProject
Project("{9A19103F-16F7-4668-BE54-9A1E7A4F7556}") = "Dragonfly.Domain", "..\Dragonfly\Dragonfly.Domain\Dragonfly.Domain.csproj", "{FCC4E97D-F387-412E-ACFB-E0E91B68053C}"
EndProject
Project("{9A19103F-16F7-4668-BE54-9A1E7A4F7556}") = "Dragonfly.Infrastructure", "..\Dragonfly\Dragonfly.Infrastructure\Dragonfly.Infrastructure.csproj", "{28755F12-A428-4574-9A85-F3D09E53911E}"
EndProject
Global
	GlobalSection(SolutionConfigurationPlatforms) = preSolution
		Debug|Any CPU = Debug|Any CPU
		Release|Any CPU = Release|Any CPU
	EndGlobalSection
	GlobalSection(ProjectConfigurationPlatforms) = postSolution
		{ACCA378D-7947-4A09-8B8D-11B6E76AD769}.Debug|Any CPU.ActiveCfg = Debug|Any CPU
		{ACCA378D-7947-4A09-8B8D-11B6E76AD769}.Debug|Any CPU.Build.0 = Debug|Any CPU
		{ACCA378D-7947-4A09-8B8D-11B6E76AD769}.Release|Any CPU.ActiveCfg = Release|Any CPU
		{ACCA378D-7947-4A09-8B8D-11B6E76AD769}.Release|Any CPU.Build.0 = Release|Any CPU
		{FCD4E8A9-9B5B-47B8-88EE-18E22C4B0AA6}.Debug|Any CPU.ActiveCfg = Debug|Any CPU
		{FCD4E8A9-9B5B-47B8-88EE-18E22C4B0AA6}.Debug|Any CPU.Build.0 = Debug|Any CPU
		{FCD4E8A9-9B5B-47B8-88EE-18E22C4B0AA6}.Release|Any CPU.ActiveCfg = Release|Any CPU
		{FCD4E8A9-9B5B-47B8-88EE-18E22C4B0AA6}.Release|Any CPU.Build.0 = Release|Any CPU
		{4D3C357B-82D9-46B2-AD70-3DC1D361DC41}.Debug|Any CPU.ActiveCfg = Debug|Any CPU
		{4D3C357B-82D9-46B2-AD70-3DC1D361DC41}.Debug|Any CPU.Build.0 = Debug|Any CPU
		{4D3C357B-82D9-46B2-AD70-3DC1D361DC41}.Release|Any CPU.ActiveCfg = Release|Any CPU
		{4D3C357B-82D9-46B2-AD70-3DC1D361DC41}.Release|Any CPU.Build.0 = Release|Any CPU
		{935DF785-6AD4-4006-9BFA-33174F8BF3B3}.Debug|Any CPU.ActiveCfg = Debug|Any CPU
		{935DF785-6AD4-4006-9BFA-33174F8BF3B3}.Debug|Any CPU.Build.0 = Debug|Any CPU
		{935DF785-6AD4-4006-9BFA-33174F8BF3B3}.Release|Any CPU.ActiveCfg = Release|Any CPU
		{935DF785-6AD4-4006-9BFA-33174F8BF3B3}.Release|Any CPU.Build.0 = Release|Any CPU
		{AB931C4C-C5A5-4F3B-B738-181B0DAB0075}.Debug|Any CPU.ActiveCfg = Debug|Any CPU
		{AB931C4C-C5A5-4F3B-B738-181B0DAB0075}.Debug|Any CPU.Build.0 = Debug|Any CPU
		{AB931C4C-C5A5-4F3B-B738-181B0DAB0075}.Release|Any CPU.ActiveCfg = Release|Any CPU
		{AB931C4C-C5A5-4F3B-B738-181B0DAB0075}.Release|Any CPU.Build.0 = Release|Any CPU
		{FCC4E97D-F387-412E-ACFB-E0E91B68053C}.Debug|Any CPU.ActiveCfg = Debug|Any CPU
		{FCC4E97D-F387-412E-ACFB-E0E91B68053C}.Debug|Any CPU.Build.0 = Debug|Any CPU
		{FCC4E97D-F387-412E-ACFB-E0E91B68053C}.Release|Any CPU.ActiveCfg = Release|Any CPU
		{FCC4E97D-F387-412E-ACFB-E0E91B68053C}.Release|Any CPU.Build.0 = Release|Any CPU
		{28755F12-A428-4574-9A85-F3D09E53911E}.Debug|Any CPU.ActiveCfg = Debug|Any CPU
		{28755F12-A428-4574-9A85-F3D09E53911E}.Debug|Any CPU.Build.0 = Debug|Any CPU
		{28755F12-A428-4574-9A85-F3D09E53911E}.Release|Any CPU.ActiveCfg = Release|Any CPU
		{28755F12-A428-4574-9A85-F3D09E53911E}.Release|Any CPU.Build.0 = Release|Any CPU
	EndGlobalSection
	GlobalSection(SolutionProperties) = preSolution
		HideSolutionNode = FALSE
	EndGlobalSection
	GlobalSection(NestedProjects) = preSolution
		{AB931C4C-C5A5-4F3B-B738-181B0DAB0075} = {2268EA9F-1E8F-42DF-A03A-B019D0B68D75}
		{FCC4E97D-F387-412E-ACFB-E0E91B68053C} = {2268EA9F-1E8F-42DF-A03A-B019D0B68D75}
		{28755F12-A428-4574-9A85-F3D09E53911E} = {2268EA9F-1E8F-42DF-A03A-B019D0B68D75}
	EndGlobalSection
	GlobalSection(ExtensibilityGlobals) = postSolution
		SolutionGuid = {F8B96432-25B6-4E12-B986-34754613D75F}
	EndGlobalSection
EndGlobal
